{
  "requires": true,
  "lockfileVersion": 1,
  "dependencies": {
    "@swup/fade-theme": {
      "version": "1.0.5",
      "resolved": "https://registry.npmjs.org/@swup/fade-theme/-/fade-theme-1.0.5.tgz",
      "integrity": "sha512-9PwC7UmW0RZ5eda+JtWz0z0H3kWWW4Ir3fnEnQOLwdS5p+nrvrLGQM3WjUR/kFIuAsU6K40Ty99gtoW6spWYSA==",
      "requires": {
        "@swup/theme": "^1.0.7"
      }
    },
    "@swup/overlay-theme": {
      "version": "1.1.1",
      "resolved": "https://registry.npmjs.org/@swup/overlay-theme/-/overlay-theme-1.1.1.tgz",
      "integrity": "sha512-6LvTOcpwPvKvaGkzDR7sB9moSwM1hp+7vzT7M8hnTzUaZQ4yRo1y+ZnALZy13McUbsxqDX1Xn3CTJf34rs1sDA==",
      "requires": {
        "@swup/theme": "^1.0.7"
      }
    },
    "@swup/slide-theme": {
      "version": "1.0.5",
      "resolved": "https://registry.npmjs.org/@swup/slide-theme/-/slide-theme-1.0.5.tgz",
      "integrity": "sha512-0xxqtURSMDScjLMRdNjtxzo8NGCPcmp6VXrQcxIQzQDSAvwNnP8Zw871C+FSL1EMe8OhAzWAP3E3x9vzH+iLHg==",
      "requires": {
        "@swup/theme": "^1.0.6"
      }
    },
    "@swup/theme": {
      "version": "1.0.7",
      "resolved": "https://registry.npmjs.org/@swup/theme/-/theme-1.0.7.tgz",
      "integrity": "sha512-OINEaf34fYs90l7/YUUKfOf+paY7/FDhOBLwYxrD0w1OjBiItZpw3N+ATA/QklJwmoUu3KkDFOaQG0zT4KxmmA=="
    },
    "delegate": {
      "version": "3.1.3",
      "resolved": "https://registry.npmjs.org/delegate/-/delegate-3.1.3.tgz",
      "integrity": "sha1-moJRp3fXAl+qVXN7w7BxdCEnqf0="
    },
    "opencollective-postinstall": {
      "version": "2.0.3",
      "resolved": "https://registry.npmjs.org/opencollective-postinstall/-/opencollective-postinstall-2.0.3.tgz",
      "integrity": "sha512-8AV/sCtuzUeTo8gQK5qDZzARrulB3egtLzFgteqB2tcT4Mw7B8Kt7JcDHmltjz6FOAHsvTevk70gZEbhM4ZS9Q=="
    },
    "swup": {
      "version": "2.0.14",
      "resolved": "https://registry.npmjs.org/swup/-/swup-2.0.14.tgz",
      "integrity": "sha512-a+Ihye+rTOwyW7T/vJYwGEKy9kJwc4twwlBryoKZY6WNutQOdpWUKmCkJdvkrDNIqBAvIqpsGUW1NJvoxZxP8w==",
      "requires": {
        "delegate": "3.1.3",
        "opencollective-postinstall": "^2.0.2"
      }
    }
  }
}
